
Microsoft Visual Studio Solution File, Format Version 12.00
# Visual Studio Version 17
VisualStudioVersion = 17.7.34221.43
MinimumVisualStudioVersion = 10.0.40219.1
Project("{FAE04EC0-301F-11D3-BF4B-00C04F79EFBC}") = "StorageManagment", "StorageManagment.csproj", "{CBC8266F-C857-4314-9C4C-C21696E6363B}"
EndProject
Project("{FAE04EC0-301F-11D3-BF4B-00C04F79EFBC}") = "Model", "..\Model\Model.csproj", "{4850467A-E841-4398-ABF9-0AED7D8EEEEE}"
EndProject
Project("{FAE04EC0-301F-11D3-BF4B-00C04F79EFBC}") = "ViewModel", "..\ViewModel\ViewModel.csproj", "{0B5C4DA9-9993-44DA-9641-1576B7CBF5C2}"
EndProject
Project("{FAE04EC0-301F-11D3-BF4B-00C04F79EFBC}") = "StorageManagmentWS", "..\StorageManagmentWS\StorageManagmentWS.csproj", "{7289F609-AF50-4E1C-8458-9C5662A79B50}"
EndProject
Global
	GlobalSection(SolutionConfigurationPlatforms) = preSolution
		Debug|Any CPU = Debug|Any CPU
		Release|Any CPU = Release|Any CPU
	EndGlobalSection
	GlobalSection(ProjectConfigurationPlatforms) = postSolution
		{CBC8266F-C857-4314-9C4C-C21696E6363B}.Debug|Any CPU.ActiveCfg = Debug|Any CPU
		{CBC8266F-C857-4314-9C4C-C21696E6363B}.Debug|Any CPU.Build.0 = Debug|Any CPU
		{CBC8266F-C857-4314-9C4C-C21696E6363B}.Release|Any CPU.ActiveCfg = Release|Any CPU
		{CBC8266F-C857-4314-9C4C-C21696E6363B}.Release|Any CPU.Build.0 = Release|Any CPU
		{4850467A-E841-4398-ABF9-0AED7D8EEEEE}.Debug|Any CPU.ActiveCfg = Debug|Any CPU
		{4850467A-E841-4398-ABF9-0AED7D8EEEEE}.Debug|Any CPU.Build.0 = Debug|Any CPU
		{4850467A-E841-4398-ABF9-0AED7D8EEEEE}.Release|Any CPU.ActiveCfg = Release|Any CPU
		{4850467A-E841-4398-ABF9-0AED7D8EEEEE}.Release|Any CPU.Build.0 = Release|Any CPU
		{0B5C4DA9-9993-44DA-9641-1576B7CBF5C2}.Debug|Any CPU.ActiveCfg = Debug|Any CPU
		{0B5C4DA9-9993-44DA-9641-1576B7CBF5C2}.Debug|Any CPU.Build.0 = Debug|Any CPU
		{0B5C4DA9-9993-44DA-9641-1576B7CBF5C2}.Release|Any CPU.ActiveCfg = Release|Any CPU
		{0B5C4DA9-9993-44DA-9641-1576B7CBF5C2}.Release|Any CPU.Build.0 = Release|Any CPU
		{7289F609-AF50-4E1C-8458-9C5662A79B50}.Debug|Any CPU.ActiveCfg = Debug|Any CPU
		{7289F609-AF50-4E1C-8458-9C5662A79B50}.Debug|Any CPU.Build.0 = Debug|Any CPU
		{7289F609-AF50-4E1C-8458-9C5662A79B50}.Release|Any CPU.ActiveCfg = Release|Any CPU
		{7289F609-AF50-4E1C-8458-9C5662A79B50}.Release|Any CPU.Build.0 = Release|Any CPU
	EndGlobalSection
	GlobalSection(SolutionProperties) = preSolution
		HideSolutionNode = FALSE
	EndGlobalSection
	GlobalSection(ExtensibilityGlobals) = postSolution
		SolutionGuid = {A2229241-1D68-41A5-A1EA-90832FDF0D10}
	EndGlobalSection
EndGlobal
